<Solution>
  <Folder Name="/.github/" />
  <Folder Name="/.github/workflows/">
    <File Path="ci-cd.yml" />
  </Folder>
  <Folder Name="/Solution Items/">
    <File Path="../.gitignore" />
    <File Path="README.md" />
  </Folder>
  <Project Path="SmallApplication/SmallApplication.csproj" />
</Solution>
